# This file is generated by running "yarn install" inside your project.
# Manual changes might be lost - proceed with caution!

__metadata:
  version: 10
  cacheKey: 10c0

"@floating-ui/core@npm:^1.8.0":
  version: 1.8.0
  resolution: "@floating-ui/core@npm:1.8.0"
  dependencies:
    "@floating-ui/utils": "npm:^0.2.12"
  checksum: 10c0/cece958f6fab0f8cd7740cd57988c4f8bc5356dca39dd4c093433d44c91952c3a02c7a54d93d7ed6c078b6544d531a29f66621d2839c8bfbb4467dca6aed7df0
  languageName: node
  linkType: hard

"@floating-ui/dom@npm:^1.8.0":
  version: 1.8.0
  resolution: "@floating-ui/dom@npm:1.8.0"
  dependencies:
    "@floating-ui/core": "npm:^1.8.0"
    "@floating-ui/utils": "npm:^0.2.12"
  checksum: 10c0/c32b2de7a596b69cfffa909c7028825e14f6319be1b45da529f8943c89fe16b75a49c214e800c87ded3f172353d3b99163d50072f11410488e756961b7b629cc
  languageName: node
  linkType: hard

"@floating-ui/react-dom@npm:^2.1.9":
  version: 2.1.9
  resolution: "@floating-ui/react-dom@npm:2.1.9"
  dependencies:
    "@floating-ui/dom": "npm:^1.8.0"
  peerDependencies:
    react: ">=16.8.0"
    react-dom: ">=16.8.0"
  checksum: 10c0/9fa9851069738cb9591a1ab2da16e257f193eae5fd2d6d48ad0b1e73f3c049929b6805c5ad43d4af3c1da63c60b215b0ee4651a1fe5caeb80e66d9d423744348
  languageName: node
  linkType: hard

"@floating-ui/react@npm:^0.27.19":
  version: 0.27.20
  resolution: "@floating-ui/react@npm:0.27.20"
  dependencies:
    "@floating-ui/react-dom": "npm:^2.1.9"
    "@floating-ui/utils": "npm:^0.2.12"
    tabbable: "npm:^6.0.0"
  peerDependencies:
    react: ">=17.0.0"
    react-dom: ">=17.0.0"
  checksum: 10c0/5ebeb4c877128e9a274692849ceb2103b370441626e97ade38c25db5d94371dd7274292eda05208cc5d1c92c594a59595a1909799c2ac8ff44f9e651a4fe55b3
  languageName: node
  linkType: hard

"@floating-ui/utils@npm:^0.2.12":
  version: 0.2.12
  resolution: "@floating-ui/utils@npm:0.2.12"
  checksum: 10c0/bb910b90d56991a62011afaf5f8e0c4b7fb6dab69403f4dd17fbd6eb25560b28d533dff9791f270b4f459852e9006a1077b5d73cbedb5e34d9424afc6a828314
  languageName: node
  linkType: hard

"@salt-ds/core@npm:1.67.0":
  version: 1.67.0
  resolution: "@salt-ds/core@npm:1.67.0"
  dependencies:
    "@floating-ui/react": "npm:^0.27.19"
    "@salt-ds/icons": "npm:^1.18.0"
    "@salt-ds/styles": "npm:0.3.0"
    "@salt-ds/window": "npm:0.1.1"
    clsx: "npm:^2.0.0"
    compute-scroll-into-view: "npm:^3.0.0"
    dom-accessibility-api: "npm:^0.7.1"
    tabbable: "npm:^6.0.0"
    use-sync-external-store: "npm:^1.5.0"
  peerDependencies:
    "@types/react": ">=16.14.0"
    react: ">=16.14.0"
    react-dom: ">=16.14.0"
  peerDependenciesMeta:
    "@types/react":
      optional: true
  checksum: 10c0/3e19c3ee9a8b657d1aec621e26e73b1374351402f5327e2e7e391431e8646122cd22d57890f4eefb001deb74dc2fbd5d5ac8a5fd93daaa56a02d6f13f4d589dc
  languageName: node
  linkType: hard

"@salt-ds/icons@npm:^1.18.0":
  version: 1.18.0
  resolution: "@salt-ds/icons@npm:1.18.0"
  dependencies:
    "@salt-ds/styles": "npm:0.3.0"
    "@salt-ds/window": "npm:0.1.1"
    clsx: "npm:^2.0.0"
  peerDependencies:
    "@types/react": ">=16.14.0"
    react: ">=16.14.0"
    react-dom: ">=16.14.0"
  peerDependenciesMeta:
    "@types/react":
      optional: true
  checksum: 10c0/73fe086de1357c8ab249b1a7c3b6902f9e654297d570b2ef75022dbc4ebf9f3bdd08c54a976b7ce80fba623ad6f6b17cd754c11f81117eaff23400f6e97471a7
  languageName: node
  linkType: hard

"@salt-ds/styles@npm:0.3.0":
  version: 0.3.0
  resolution: "@salt-ds/styles@npm:0.3.0"
  peerDependencies:
    "@types/react": ">=16.14.0"
    react: ">=16.14.0"
    react-dom: ">=16.14.0"
  peerDependenciesMeta:
    "@types/react":
      optional: true
  checksum: 10c0/9c3a99aa65347f3753df9456c131d9a788a53f3901ec1018fd65b71348182fe8436256073687bfaa1d82080673f5c5b0aef3f1bcfefbc0676bb4405756b56948
  languageName: node
  linkType: hard

"@salt-ds/theme@npm:1.43.0":
  version: 1.43.0
  resolution: "@salt-ds/theme@npm:1.43.0"
  checksum: 10c0/de7655089bea7542c0df99d51199da07662fe229b7a20b00332c88a12f7bfe3b2345de867424468a41a44f0398efd12503c1d763ca6f3e645820907aabe5a9e8
  languageName: node
  linkType: hard

"@salt-ds/window@npm:0.1.1":
  version: 0.1.1
  resolution: "@salt-ds/window@npm:0.1.1"
  peerDependencies:
    "@types/react": ">=16.14.0"
    react: ">=16.14.0"
    react-dom: ">=16.14.0"
  peerDependenciesMeta:
    "@types/react":
      optional: true
  checksum: 10c0/fb1e3f94376a790e40fe411c1f5f0fa514d2d7365ee6d33eb993e041a098fa5c2ce072c49c4488f9245c8e95f09648557ac7f1fa2897f382064fc43d8d87f0ed
  languageName: node
  linkType: hard

"@types/prop-types@npm:*":
  version: 15.7.15
  resolution: "@types/prop-types@npm:15.7.15"
  checksum: 10c0/b59aad1ad19bf1733cf524fd4e618196c6c7690f48ee70a327eb450a42aab8e8a063fbe59ca0a5701aebe2d92d582292c0fb845ea57474f6a15f6994b0e260b2
  languageName: node
  linkType: hard

"@types/react-dom@npm:18.3.7":
  version: 18.3.7
  resolution: "@types/react-dom@npm:18.3.7"
  peerDependencies:
    "@types/react": ^18.0.0
  checksum: 10c0/8bd309e2c3d1604a28a736a24f96cbadf6c05d5288cfef8883b74f4054c961b6b3a5e997fd5686e492be903c8f3380dba5ec017eff3906b1256529cd2d39603e
  languageName: node
  linkType: hard

"@types/react@npm:18.3.22":
  version: 18.3.22
  resolution: "@types/react@npm:18.3.22"
  dependencies:
    "@types/prop-types": "npm:*"
    csstype: "npm:^3.0.2"
  checksum: 10c0/d5d77d5329ed6cf6d2f77d778bfc128e2a4d1b0e30d8eebd5e295c207615842abaff57813cd39be5939a9c4aecacd3771f4e7a8d874d5a8002ff18809f237c19
  languageName: node
  linkType: hard

"clsx@npm:^2.0.0":
  version: 2.1.1
  resolution: "clsx@npm:2.1.1"
  checksum: 10c0/c4c8eb865f8c82baab07e71bfa8897c73454881c4f99d6bc81585aecd7c441746c1399d08363dc096c550cceaf97bd4ce1e8854e1771e9998d9f94c4fe075839
  languageName: node
  linkType: hard

"compute-scroll-into-view@npm:^3.0.0":
  version: 3.1.1
  resolution: "compute-scroll-into-view@npm:3.1.1"
  checksum: 10c0/59761ed62304a9599b52ad75d0d6fbf0669ee2ab7dd472fdb0ad9da36628414c014dea7b5810046560180ad30ffec52a953d19297f66a1d4f3aa0999b9d2521d
  languageName: node
  linkType: hard

"csstype@npm:^3.0.2":
  version: 3.2.3
  resolution: "csstype@npm:3.2.3"
  checksum: 10c0/cd29c51e70fa822f1cecd8641a1445bed7063697469d35633b516e60fe8c1bde04b08f6c5b6022136bb669b64c63d4173af54864510fbb4ee23281801841a3ce
  languageName: node
  linkType: hard

"dom-accessibility-api@npm:^0.7.1":
  version: 0.7.1
  resolution: "dom-accessibility-api@npm:0.7.1"
  checksum: 10c0/1667710482e373913d610828c3eba062165bd747f7d7b5309d70a8ef02ebe14d3f26ec1b2a8edb6d9c9c045bd755426fdc87941e88d70c0e9907fd1ba762b277
  languageName: node
  linkType: hard

"js-tokens@npm:^3.0.0 || ^4.0.0":
  version: 4.0.0
  resolution: "js-tokens@npm:4.0.0"
  checksum: 10c0/e248708d377aa058eacf2037b07ded847790e6de892bbad3dac0abba2e759cb9f121b00099a65195616badcb6eca8d14d975cb3e89eb1cfda644756402c8aeed
  languageName: node
  linkType: hard

"loose-envify@npm:^1.1.0":
  version: 1.4.0
  resolution: "loose-envify@npm:1.4.0"
  dependencies:
    js-tokens: "npm:^3.0.0 || ^4.0.0"
  bin:
    loose-envify: cli.js
  checksum: 10c0/655d110220983c1a4b9c0c679a2e8016d4b67f6e9c7b5435ff5979ecdb20d0813f4dec0a08674fcbdd4846a3f07edbb50a36811fd37930b94aaa0d9daceb017e
  languageName: node
  linkType: hard

"react-dom@npm:18.3.1":
  version: 18.3.1
  resolution: "react-dom@npm:18.3.1"
  dependencies:
    loose-envify: "npm:^1.1.0"
    scheduler: "npm:^0.23.2"
  peerDependencies:
    react: ^18.3.1
  checksum: 10c0/a752496c1941f958f2e8ac56239172296fcddce1365ce45222d04a1947e0cc5547df3e8447f855a81d6d39f008d7c32eab43db3712077f09e3f67c4874973e85
  languageName: node
  linkType: hard

"react@npm:18.3.1":
  version: 18.3.1
  resolution: "react@npm:18.3.1"
  dependencies:
    loose-envify: "npm:^1.1.0"
  checksum: 10c0/283e8c5efcf37802c9d1ce767f302dd569dd97a70d9bb8c7be79a789b9902451e0d16334b05d73299b20f048cbc3c7d288bbbde10b701fa194e2089c237dbea3
  languageName: node
  linkType: hard

"salt-consumer-example@workspace:.":
  version: 0.0.0-use.local
  resolution: "salt-consumer-example@workspace:."
  dependencies:
    "@salt-ds/core": "npm:1.67.0"
    "@salt-ds/theme": "npm:1.43.0"
    "@types/react": "npm:18.3.22"
    "@types/react-dom": "npm:18.3.7"
    react: "npm:18.3.1"
    react-dom: "npm:18.3.1"
    typescript: "npm:6.0.2"
  languageName: unknown
  linkType: soft

"scheduler@npm:^0.23.2":
  version: 0.23.2
  resolution: "scheduler@npm:0.23.2"
  dependencies:
    loose-envify: "npm:^1.1.0"
  checksum: 10c0/26383305e249651d4c58e6705d5f8425f153211aef95f15161c151f7b8de885f24751b377e4a0b3dd42cce09aad3f87a61dab7636859c0d89b7daf1a1e2a5c78
  languageName: node
  linkType: hard

"tabbable@npm:^6.0.0":
  version: 6.5.0
  resolution: "tabbable@npm:6.5.0"
  checksum: 10c0/7d778af05a3093800265831198cad9d0024f3d65cdd4405007490f7430b42ff4e80060b4679f45281fb96ddbddc5fb895e8ea36e3ebdc811051e14acc9c7c02c
  languageName: node
  linkType: hard

"typescript@npm:6.0.2":
  version: 6.0.2
  resolution: "typescript@npm:6.0.2"
  bin:
    tsc: bin/tsc
    tsserver: bin/tsserver
  checksum: 10c0/4b860b0bf87cc0fee0f66d8ef2640b5a8a8a8c74d1129adb82e389e5f97124383823c47946bef8a73ede371461143a3aa8544399d2133c7b2e4f07e81860af7f
  languageName: node
  linkType: hard

"typescript@patch:typescript@npm%3A6.0.2#optional!builtin<compat/typescript>":
  version: 6.0.2
  resolution: "typescript@patch:typescript@npm%3A6.0.2#optional!builtin<compat/typescript>::version=6.0.2&hash=5786d5"
  bin:
    tsc: bin/tsc
    tsserver: bin/tsserver
  checksum: 10c0/49f0b84fc6ca55653e77752b8a61beabc09ee3dae5d965c31596225aa6ef213c5727b1d2e895b900416dc603854ba0872ac4a812c2a4ed6793a601f9c675de02
  languageName: node
  linkType: hard

"use-sync-external-store@npm:^1.5.0":
  version: 1.6.0
  resolution: "use-sync-external-store@npm:1.6.0"
  peerDependencies:
    react: ^16.8.0 || ^17.0.0 || ^18.0.0 || ^19.0.0
  checksum: 10c0/35e1179f872a53227bdf8a827f7911da4c37c0f4091c29b76b1e32473d1670ebe7bcd880b808b7549ba9a5605c233350f800ffab963ee4a4ee346ee983b6019b
  languageName: node
  linkType: hard
