{
  "name": "@salt-ds/site",
  "version": "1.0.0",
  "lockfileVersion": 1,
  "requires": true,
  "dependencies": {
    "yarn": {
      "version": "1.22.19",
      "resolved": "https://artifacts-read.gkp.jpmchase.net/artifactory/api/npm/npm/yarn/-/yarn-1.22.19.tgz",
      "integrity": "sha1-S6f8XG5wT84gZuy/sLDYl2/mJEc=",
      "dev": true
    }
  }
}
